
Microsoft Visual Studio Solution File, Format Version 12.00
Project("{FAE04EC0-301F-11D3-BF4B-00C04F79EFBC}") = "ECommerceAPI", "ECommerceAPI\ECommerceAPI.csproj", "{CFDCE1DF-9AA1-490E-A217-5B82888A38B2}"
EndProject
Project("{FAE04EC0-301F-11D3-BF4B-00C04F79EFBC}") = "ApplicationCore", "ApplicationCore\ApplicationCore.csproj", "{F9554CBE-E722-4EAC-802D-2F8D3B7C0652}"
EndProject
Project("{FAE04EC0-301F-11D3-BF4B-00C04F79EFBC}") = "Infrastructure", "Infrastructure\Infrastructure.csproj", "{3DB89516-3091-4A48-8245-668168E293A5}"
EndProject
Global
	GlobalSection(SolutionConfigurationPlatforms) = preSolution
		Debug|Any CPU = Debug|Any CPU
		Release|Any CPU = Release|Any CPU
	EndGlobalSection
	GlobalSection(ProjectConfigurationPlatforms) = postSolution
		{CFDCE1DF-9AA1-490E-A217-5B82888A38B2}.Debug|Any CPU.ActiveCfg = Debug|Any CPU
		{CFDCE1DF-9AA1-490E-A217-5B82888A38B2}.Debug|Any CPU.Build.0 = Debug|Any CPU
		{CFDCE1DF-9AA1-490E-A217-5B82888A38B2}.Release|Any CPU.ActiveCfg = Release|Any CPU
		{CFDCE1DF-9AA1-490E-A217-5B82888A38B2}.Release|Any CPU.Build.0 = Release|Any CPU
		{F9554CBE-E722-4EAC-802D-2F8D3B7C0652}.Debug|Any CPU.ActiveCfg = Debug|Any CPU
		{F9554CBE-E722-4EAC-802D-2F8D3B7C0652}.Debug|Any CPU.Build.0 = Debug|Any CPU
		{F9554CBE-E722-4EAC-802D-2F8D3B7C0652}.Release|Any CPU.ActiveCfg = Release|Any CPU
		{F9554CBE-E722-4EAC-802D-2F8D3B7C0652}.Release|Any CPU.Build.0 = Release|Any CPU
		{3DB89516-3091-4A48-8245-668168E293A5}.Debug|Any CPU.ActiveCfg = Debug|Any CPU
		{3DB89516-3091-4A48-8245-668168E293A5}.Debug|Any CPU.Build.0 = Debug|Any CPU
		{3DB89516-3091-4A48-8245-668168E293A5}.Release|Any CPU.ActiveCfg = Release|Any CPU
		{3DB89516-3091-4A48-8245-668168E293A5}.Release|Any CPU.Build.0 = Release|Any CPU
	EndGlobalSection
EndGlobal
