
Microsoft Visual Studio Solution File, Format Version 12.00
Project("{FAE04EC0-301F-11D3-BF4B-00C04F79EFBC}") = "DapperTutorial.Core", "DapperTutorial.Core\DapperTutorial.Core.csproj", "{C656CE44-17DD-4DC7-85F3-2E13B3AC5E63}"
EndProject
Project("{FAE04EC0-301F-11D3-BF4B-00C04F79EFBC}") = "DapperTutorial.Infrastructure", "DapperTutorial.Infrastructure\DapperTutorial.Infrastructure.csproj", "{36993DED-2CAA-4231-A311-D48FEB8B980A}"
EndProject
Project("{FAE04EC0-301F-11D3-BF4B-00C04F79EFBC}") = "DapperTutorial.Presentation", "DapperTutorial.Presentation\DapperTutorial.Presentation.csproj", "{9F4FA296-9218-401E-B1D4-E0B14698F134}"
EndProject
Global
	GlobalSection(SolutionConfigurationPlatforms) = preSolution
		Debug|Any CPU = Debug|Any CPU
		Release|Any CPU = Release|Any CPU
	EndGlobalSection
	GlobalSection(ProjectConfigurationPlatforms) = postSolution
		{C656CE44-17DD-4DC7-85F3-2E13B3AC5E63}.Debug|Any CPU.ActiveCfg = Debug|Any CPU
		{C656CE44-17DD-4DC7-85F3-2E13B3AC5E63}.Debug|Any CPU.Build.0 = Debug|Any CPU
		{C656CE44-17DD-4DC7-85F3-2E13B3AC5E63}.Release|Any CPU.ActiveCfg = Release|Any CPU
		{C656CE44-17DD-4DC7-85F3-2E13B3AC5E63}.Release|Any CPU.Build.0 = Release|Any CPU
		{36993DED-2CAA-4231-A311-D48FEB8B980A}.Debug|Any CPU.ActiveCfg = Debug|Any CPU
		{36993DED-2CAA-4231-A311-D48FEB8B980A}.Debug|Any CPU.Build.0 = Debug|Any CPU
		{36993DED-2CAA-4231-A311-D48FEB8B980A}.Release|Any CPU.ActiveCfg = Release|Any CPU
		{36993DED-2CAA-4231-A311-D48FEB8B980A}.Release|Any CPU.Build.0 = Release|Any CPU
		{9F4FA296-9218-401E-B1D4-E0B14698F134}.Debug|Any CPU.ActiveCfg = Debug|Any CPU
		{9F4FA296-9218-401E-B1D4-E0B14698F134}.Debug|Any CPU.Build.0 = Debug|Any CPU
		{9F4FA296-9218-401E-B1D4-E0B14698F134}.Release|Any CPU.ActiveCfg = Release|Any CPU
		{9F4FA296-9218-401E-B1D4-E0B14698F134}.Release|Any CPU.Build.0 = Release|Any CPU
	EndGlobalSection
EndGlobal
