
Microsoft Visual Studio Solution File, Format Version 12.00
Project("{FAE04EC0-301F-11D3-BF4B-00C04F79EFBC}") = "EShopMVC", "EShopMVC\EShopMVC.csproj", "{400BDB6E-A145-44B5-8A4F-E94F1A947D8B}"
EndProject
Global
	GlobalSection(SolutionConfigurationPlatforms) = preSolution
		Debug|Any CPU = Debug|Any CPU
		Release|Any CPU = Release|Any CPU
	EndGlobalSection
	GlobalSection(ProjectConfigurationPlatforms) = postSolution
		{400BDB6E-A145-44B5-8A4F-E94F1A947D8B}.Debug|Any CPU.ActiveCfg = Debug|Any CPU
		{400BDB6E-A145-44B5-8A4F-E94F1A947D8B}.Debug|Any CPU.Build.0 = Debug|Any CPU
		{400BDB6E-A145-44B5-8A4F-E94F1A947D8B}.Release|Any CPU.ActiveCfg = Release|Any CPU
		{400BDB6E-A145-44B5-8A4F-E94F1A947D8B}.Release|Any CPU.Build.0 = Release|Any CPU
	EndGlobalSection
EndGlobal
