
Microsoft Visual Studio Solution File, Format Version 12.00
Project("{FAE04EC0-301F-11D3-BF4B-00C04F79EFBC}") = "ClassLibrary1", "ClassLibrary1\ClassLibrary1.csproj", "{6FEA9DEC-BA27-4C22-9C6A-BA0F9A2AC4A3}"
EndProject
Global
	GlobalSection(SolutionConfigurationPlatforms) = preSolution
		Debug|Any CPU = Debug|Any CPU
		Release|Any CPU = Release|Any CPU
	EndGlobalSection
	GlobalSection(ProjectConfigurationPlatforms) = postSolution
		{6FEA9DEC-BA27-4C22-9C6A-BA0F9A2AC4A3}.Debug|Any CPU.ActiveCfg = Debug|Any CPU
		{6FEA9DEC-BA27-4C22-9C6A-BA0F9A2AC4A3}.Debug|Any CPU.Build.0 = Debug|Any CPU
		{6FEA9DEC-BA27-4C22-9C6A-BA0F9A2AC4A3}.Release|Any CPU.ActiveCfg = Release|Any CPU
		{6FEA9DEC-BA27-4C22-9C6A-BA0F9A2AC4A3}.Release|Any CPU.Build.0 = Release|Any CPU
	EndGlobalSection
EndGlobal
